
Microsoft Visual Studio Solution File, Format Version 12.00
# Visual Studio Version 17
VisualStudioVersion = 17.1.32328.378
MinimumVisualStudioVersion = 10.0.40219.1
Project("{9A19103F-16F7-4668-BE54-9A1E7A4F7556}") = "ExampleDockerUbuntu", "ExampleDockerUbuntu\ExampleDockerUbuntu.csproj", "{CF120CFC-27D2-4F74-A58B-2880063D710C}"
EndProject
Global
	GlobalSection(SolutionConfigurationPlatforms) = preSolution
		Debug|Any CPU = Debug|Any CPU
		Release|Any CPU = Release|Any CPU
	EndGlobalSection
	GlobalSection(ProjectConfigurationPlatforms) = postSolution
		{CF120CFC-27D2-4F74-A58B-2880063D710C}.Debug|Any CPU.ActiveCfg = Debug|Any CPU
		{CF120CFC-27D2-4F74-A58B-2880063D710C}.Debug|Any CPU.Build.0 = Debug|Any CPU
		{CF120CFC-27D2-4F74-A58B-2880063D710C}.Release|Any CPU.ActiveCfg = Release|Any CPU
		{CF120CFC-27D2-4F74-A58B-2880063D710C}.Release|Any CPU.Build.0 = Release|Any CPU
	EndGlobalSection
	GlobalSection(SolutionProperties) = preSolution
		HideSolutionNode = FALSE
	EndGlobalSection
	GlobalSection(ExtensibilityGlobals) = postSolution
		SolutionGuid = {7FEC7F13-0FD1-461A-8E88-DC82E3C37CFF}
	EndGlobalSection
EndGlobal
